
Microsoft Visual Studio Solution File, Format Version 12.00
# Visual Studio Version 16
VisualStudioVersion = 16.0.32802.440
MinimumVisualStudioVersion = 10.0.40219.1
Project("{FAE04EC0-301F-11D3-BF4B-00C04F79EFBC}") = "formFilms", "formFilms\formFilms.csproj", "{CBF1170B-9037-4432-A9C0-181595423EF4}"
EndProject
Global
	GlobalSection(SolutionConfigurationPlatforms) = preSolution
		Debug|Any CPU = Debug|Any CPU
		Release|Any CPU = Release|Any CPU
	EndGlobalSection
	GlobalSection(ProjectConfigurationPlatforms) = postSolution
		{CBF1170B-9037-4432-A9C0-181595423EF4}.Debug|Any CPU.ActiveCfg = Debug|Any CPU
		{CBF1170B-9037-4432-A9C0-181595423EF4}.Debug|Any CPU.Build.0 = Debug|Any CPU
		{CBF1170B-9037-4432-A9C0-181595423EF4}.Release|Any CPU.ActiveCfg = Release|Any CPU
		{CBF1170B-9037-4432-A9C0-181595423EF4}.Release|Any CPU.Build.0 = Release|Any CPU
	EndGlobalSection
	GlobalSection(SolutionProperties) = preSolution
		HideSolutionNode = FALSE
	EndGlobalSection
	GlobalSection(ExtensibilityGlobals) = postSolution
		SolutionGuid = {90FCABE5-0C93-4877-B602-A7D3482213BD}
	EndGlobalSection
EndGlobal
